// !$*UTF8*$!
{
	archiveVersion = 1;
	classes = {
	};
	objectVersion = 56;
	objects = {

/* Begin PBXBuildFile section */
		B45733C12B9DDB9A007A734C /* AppDelegate.swift in Sources */ = {isa = PBXBuildFile; fileRef = B45733C02B9DDB9A007A734C /* AppDelegate.swift */; };
		B45733C32B9DDB9A007A734C /* SceneDelegate.swift in Sources */ = {isa = PBXBuildFile; fileRef = B45733C22B9DDB9A007A734C /* SceneDelegate.swift */; };
		B45733C52B9DDB9A007A734C /* ViewController.swift in Sources */ = {isa = PBXBuildFile; fileRef = B45733C42B9DDB9A007A734C /* ViewController.swift */; };
		B45733C82B9DDB9A007A734C /* Base in Resources */ = {isa = PBXBuildFile; fileRef = B45733C72B9DDB9A007A734C /* Base */; };
		B45733CA2B9DDB9D007A734C /* Assets.xcassets in Resources */ = {isa = PBXBuildFile; fileRef = B45733C92B9DDB9D007A734C /* Assets.xcassets */; };
		B45733CD2B9DDB9D007A734C /* Base in Resources */ = {isa = PBXBuildFile; fileRef = B45733CC2B9DDB9D007A734C /* Base */; };
		B45775BD2BA45A85002899D2 /* DetailsViewController.swift in Sources */ = {isa = PBXBuildFile; fileRef = B45775BC2BA45A85002899D2 /* DetailsViewController.swift */; };
		B45776922BC9B00C002899D2 /* Note.swift in Sources */ = {isa = PBXBuildFile; fileRef = B45776912BC9B00B002899D2 /* Note.swift */; };
		B45776952BCBB989002899D2 /* newCellTableViewCell.swift in Sources */ = {isa = PBXBuildFile; fileRef = B45776932BCBB989002899D2 /* newCellTableViewCell.swift */; };
		B45776962BCBB989002899D2 /* newCellTableViewCell.xib in Resources */ = {isa = PBXBuildFile; fileRef = B45776942BCBB989002899D2 /* newCellTableViewCell.xib */; };
		B457769B2BCD5BDF002899D2 /* Impact.ttf in Resources */ = {isa = PBXBuildFile; fileRef = B45776972BCD5BDF002899D2 /* Impact.ttf */; };
		B457769D2BCD5BDF002899D2 /* Phosphate.ttc in Resources */ = {isa = PBXBuildFile; fileRef = B45776992BCD5BDF002899D2 /* Phosphate.ttc */; };
		B45776F52BD0225B002899D2 /* MONO PQU.ttf in Resources */ = {isa = PBXBuildFile; fileRef = B45776F42BD0225B002899D2 /* MONO PQU.ttf */; };
		B45776FB2BD02FF7002899D2 /* Noteworthy.ttc in Resources */ = {isa = PBXBuildFile; fileRef = B45776FA2BD02FF7002899D2 /* Noteworthy.ttc */; };
/* End PBXBuildFile section */

/* Begin PBXFileReference section */
		B45733BD2B9DDB9A007A734C /* toDo.app */ = {isa = PBXFileReference; explicitFileType = wrapper.application; includeInIndex = 0; path = toDo.app; sourceTree = BUILT_PRODUCTS_DIR; };
		B45733C02B9DDB9A007A734C /* AppDelegate.swift */ = {isa = PBXFileReference; lastKnownFileType = sourcecode.swift; path = AppDelegate.swift; sourceTree = "<group>"; };
		B45733C22B9DDB9A007A734C /* SceneDelegate.swift */ = {isa = PBXFileReference; lastKnownFileType = sourcecode.swift; path = SceneDelegate.swift; sourceTree = "<group>"; };
		B45733C42B9DDB9A007A734C /* ViewController.swift */ = {isa = PBXFileReference; lastKnownFileType = sourcecode.swift; path = ViewController.swift; sourceTree = "<group>"; };
		B45733C72B9DDB9A007A734C /* Base */ = {isa = PBXFileReference; lastKnownFileType = file.storyboard; name = Base; path = Base.lproj/Main.storyboard; sourceTree = "<group>"; };
		B45733C92B9DDB9D007A734C /* Assets.xcassets */ = {isa = PBXFileReference; lastKnownFileType = folder.assetcatalog; path = Assets.xcassets; sourceTree = "<group>"; };
		B45733CC2B9DDB9D007A734C /* Base */ = {isa = PBXFileReference; lastKnownFileType = file.storyboard; name = Base; path = Base.lproj/LaunchScreen.storyboard; sourceTree = "<group>"; };
		B45733CE2B9DDB9D007A734C /* Info.plist */ = {isa = PBXFileReference; lastKnownFileType = text.plist.xml; path = Info.plist; sourceTree = "<group>"; };
		B45775BC2BA45A85002899D2 /* DetailsViewController.swift */ = {isa = PBXFileReference; lastKnownFileType = sourcecode.swift; path = DetailsViewController.swift; sourceTree = "<group>"; };
		B45776912BC9B00B002899D2 /* Note.swift */ = {isa = PBXFileReference; lastKnownFileType = sourcecode.swift; path = Note.swift; sourceTree = "<group>"; };
		B45776932BCBB989002899D2 /* newCellTableViewCell.swift */ = {isa = PBXFileReference; lastKnownFileType = sourcecode.swift; path = newCellTableViewCell.swift; sourceTree = "<group>"; };
		B45776942BCBB989002899D2 /* newCellTableViewCell.xib */ = {isa = PBXFileReference; lastKnownFileType = file.xib; path = newCellTableViewCell.xib; sourceTree = "<group>"; };
		B45776972BCD5BDF002899D2 /* Impact.ttf */ = {isa = PBXFileReference; lastKnownFileType = file; path = Impact.ttf; sourceTree = "<group>"; };
		B45776992BCD5BDF002899D2 /* Phosphate.ttc */ = {isa = PBXFileReference; lastKnownFileType = file; path = Phosphate.ttc; sourceTree = "<group>"; };
		B45776F42BD0225B002899D2 /* MONO PQU.ttf */ = {isa = PBXFileReference; lastKnownFileType = file; path = "MONO PQU.ttf"; sourceTree = "<group>"; };
		B45776FA2BD02FF7002899D2 /* Noteworthy.ttc */ = {isa = PBXFileReference; lastKnownFileType = file; path = Noteworthy.ttc; sourceTree = "<group>"; };
/* End PBXFileReference section */

/* Begin PBXFrameworksBuildPhase section */
		B45733BA2B9DDB9A007A734C /* Frameworks */ = {
			isa = PBXFrameworksBuildPhase;
			buildActionMask = 2147483647;
			files = (
			);
			runOnlyForDeploymentPostprocessing = 0;
		};
/* End PBXFrameworksBuildPhase section */

/* Begin PBXGroup section */
		B45733B42B9DDB9A007A734C = {
			isa = PBXGroup;
			children = (
				B45776912BC9B00B002899D2 /* Note.swift */,
				B457769A2BCD5BDF002899D2 /* fonts */,
				B45776DE2BCFF227002899D2 /* customCell */,
				B45733BF2B9DDB9A007A734C /* UITableView */,
				B45733BE2B9DDB9A007A734C /* Products */,
			);
			sourceTree = "<group>";
		};
		B45733BE2B9DDB9A007A734C /* Products */ = {
			isa = PBXGroup;
			children = (
				B45733BD2B9DDB9A007A734C /* toDo.app */,
			);
			name = Products;
			sourceTree = "<group>";
		};
		B45733BF2B9DDB9A007A734C /* UITableView */ = {
			isa = PBXGroup;
			children = (
				B45733C02B9DDB9A007A734C /* AppDelegate.swift */,
				B45733C22B9DDB9A007A734C /* SceneDelegate.swift */,
				B45775BC2BA45A85002899D2 /* DetailsViewController.swift */,
				B45733C42B9DDB9A007A734C /* ViewController.swift */,
				B45733C62B9DDB9A007A734C /* Main.storyboard */,
				B45733C92B9DDB9D007A734C /* Assets.xcassets */,
				B45733CB2B9DDB9D007A734C /* LaunchScreen.storyboard */,
				B45733CE2B9DDB9D007A734C /* Info.plist */,
			);
			path = UITableView;
			sourceTree = "<group>";
		};
		B457769A2BCD5BDF002899D2 /* fonts */ = {
			isa = PBXGroup;
			children = (
				B45776FA2BD02FF7002899D2 /* Noteworthy.ttc */,
				B45776F42BD0225B002899D2 /* MONO PQU.ttf */,
				B45776972BCD5BDF002899D2 /* Impact.ttf */,
				B45776992BCD5BDF002899D2 /* Phosphate.ttc */,
			);
			path = fonts;
			sourceTree = "<group>";
		};
		B45776DE2BCFF227002899D2 /* customCell */ = {
			isa = PBXGroup;
			children = (
				B45776942BCBB989002899D2 /* newCellTableViewCell.xib */,
				B45776932BCBB989002899D2 /* newCellTableViewCell.swift */,
			);
			path = customCell;
			sourceTree = "<group>";
		};
/* End PBXGroup section */

/* Begin PBXNativeTarget section */
		B45733BC2B9DDB9A007A734C /* toDo */ = {
			isa = PBXNativeTarget;
			buildConfigurationList = B45733D12B9DDB9D007A734C /* Build configuration list for PBXNativeTarget "toDo" */;
			buildPhases = (
				B45733B92B9DDB9A007A734C /* Sources */,
				B45733BA2B9DDB9A007A734C /* Frameworks */,
				B45733BB2B9DDB9A007A734C /* Resources */,
			);
			buildRules = (
			);
			dependencies = (
			);
			name = toDo;
			productName = UITableView;
			productReference = B45733BD2B9DDB9A007A734C /* toDo.app */;
			productType = "com.apple.product-type.application";
		};
/* End PBXNativeTarget section */

/* Begin PBXProject section */
		B45733B52B9DDB9A007A734C /* Project object */ = {
			isa = PBXProject;
			attributes = {
				BuildIndependentTargetsInParallel = 1;
				LastSwiftUpdateCheck = 1530;
				LastUpgradeCheck = 1530;
				TargetAttributes = {
					B45733BC2B9DDB9A007A734C = {
						CreatedOnToolsVersion = 15.3;
					};
				};
			};
			buildConfigurationList = B45733B82B9DDB9A007A734C /* Build configuration list for PBXProject "toDo" */;
			compatibilityVersion = "Xcode 14.0";
			developmentRegion = en;
			hasScannedForEncodings = 0;
			knownRegions = (
				en,
				Base,
			);
			mainGroup = B45733B42B9DDB9A007A734C;
			productRefGroup = B45733BE2B9DDB9A007A734C /* Products */;
			projectDirPath = "";
			projectRoot = "";
			targets = (
				B45733BC2B9DDB9A007A734C /* toDo */,
			);
		};
/* End PBXProject section */

/* Begin PBXResourcesBuildPhase section */
		B45733BB2B9DDB9A007A734C /* Resources */ = {
			isa = PBXResourcesBuildPhase;
			buildActionMask = 2147483647;
			files = (
				B45733CA2B9DDB9D007A734C /* Assets.xcassets in Resources */,
				B45733CD2B9DDB9D007A734C /* Base in Resources */,
				B45776962BCBB989002899D2 /* newCellTableViewCell.xib in Resources */,
				B45733C82B9DDB9A007A734C /* Base in Resources */,
				B457769B2BCD5BDF002899D2 /* Impact.ttf in Resources */,
				B457769D2BCD5BDF002899D2 /* Phosphate.ttc in Resources */,
				B45776F52BD0225B002899D2 /* MONO PQU.ttf in Resources */,
				B45776FB2BD02FF7002899D2 /* Noteworthy.ttc in Resources */,
			);
			runOnlyForDeploymentPostprocessing = 0;
		};
/* End PBXResourcesBuildPhase section */

/* Begin PBXSourcesBuildPhase section */
		B45733B92B9DDB9A007A734C /* Sources */ = {
			isa = PBXSourcesBuildPhase;
			buildActionMask = 2147483647;
			files = (
				B45733C52B9DDB9A007A734C /* ViewController.swift in Sources */,
				B45776952BCBB989002899D2 /* newCellTableViewCell.swift in Sources */,
				B45733C12B9DDB9A007A734C /* AppDelegate.swift in Sources */,
				B45733C32B9DDB9A007A734C /* SceneDelegate.swift in Sources */,
				B45775BD2BA45A85002899D2 /* DetailsViewController.swift in Sources */,
				B45776922BC9B00C002899D2 /* Note.swift in Sources */,
			);
			runOnlyForDeploymentPostprocessing = 0;
		};
/* End PBXSourcesBuildPhase section */

/* Begin PBXVariantGroup section */
		B45733C62B9DDB9A007A734C /* Main.storyboard */ = {
			isa = PBXVariantGroup;
			children = (
				B45733C72B9DDB9A007A734C /* Base */,
			);
			name = Main.storyboard;
			sourceTree = "<group>";
		};
		B45733CB2B9DDB9D007A734C /* LaunchScreen.storyboard */ = {
			isa = PBXVariantGroup;
			children = (
				B45733CC2B9DDB9D007A734C /* Base */,
			);
			name = LaunchScreen.storyboard;
			sourceTree = "<group>";
		};
/* End PBXVariantGroup section */

/* Begin XCBuildConfiguration section */
		B45733CF2B9DDB9D007A734C /* Debug */ = {
			isa = XCBuildConfiguration;
			buildSettings = {
				ALWAYS_SEARCH_USER_PATHS = NO;
				ASSETCATALOG_COMPILER_GENERATE_SWIFT_ASSET_SYMBOL_EXTENSIONS = YES;
				CLANG_ANALYZER_NONNULL = YES;
				CLANG_ANALYZER_NUMBER_OBJECT_CONVERSION = YES_AGGRESSIVE;
				CLANG_CXX_LANGUAGE_STANDARD = "gnu++20";
				CLANG_ENABLE_MODULES = YES;
				CLANG_ENABLE_OBJC_ARC = YES;
				CLANG_ENABLE_OBJC_WEAK = YES;
				CLANG_WARN_BLOCK_CAPTURE_AUTORELEASING = YES;
				CLANG_WARN_BOOL_CONVERSION = YES;
				CLANG_WARN_COMMA = YES;
				CLANG_WARN_CONSTANT_CONVERSION = YES;
				CLANG_WARN_DEPRECATED_OBJC_IMPLEMENTATIONS = YES;
				CLANG_WARN_DIRECT_OBJC_ISA_USAGE = YES_ERROR;
				CLANG_WARN_DOCUMENTATION_COMMENTS = YES;
				CLANG_WARN_EMPTY_BODY = YES;
				CLANG_WARN_ENUM_CONVERSION = YES;
				CLANG_WARN_INFINITE_RECURSION = YES;
				CLANG_WARN_INT_CONVERSION = YES;
				CLANG_WARN_NON_LITERAL_NULL_CONVERSION = YES;
				CLANG_WARN_OBJC_IMPLICIT_RETAIN_SELF = YES;
				CLANG_WARN_OBJC_LITERAL_CONVERSION = YES;
				CLANG_WARN_OBJC_ROOT_CLASS = YES_ERROR;
				CLANG_WARN_QUOTED_INCLUDE_IN_FRAMEWORK_HEADER = YES;
				CLANG_WARN_RANGE_LOOP_ANALYSIS = YES;
				CLANG_WARN_STRICT_PROTOTYPES = YES;
				CLANG_WARN_SUSPICIOUS_MOVE = YES;
				CLANG_WARN_UNGUARDED_AVAILABILITY = YES_AGGRESSIVE;
				CLANG_WARN_UNREACHABLE_CODE = YES;
				CLANG_WARN__DUPLICATE_METHOD_MATCH = YES;
				COPY_PHASE_STRIP = NO;
				DEBUG_INFORMATION_FORMAT = dwarf;
				ENABLE_STRICT_OBJC_MSGSEND = YES;
				ENABLE_TESTABILITY = YES;
				ENABLE_USER_SCRIPT_SANDBOXING = YES;
				GCC_C_LANGUAGE_STANDARD = gnu17;
				GCC_DYNAMIC_NO_PIC = NO;
				GCC_NO_COMMON_BLOCKS = YES;
				GCC_OPTIMIZATION_LEVEL = 0;
				GCC_PREPROCESSOR_DEFINITIONS = (
					"DEBUG=1",
					"$(inherited)",
				);
				GCC_WARN_64_TO_32_BIT_CONVERSION = YES;
				GCC_WARN_ABOUT_RETURN_TYPE = YES_ERROR;
				GCC_WARN_UNDECLARED_SELECTOR = YES;
				GCC_WARN_UNINITIALIZED_AUTOS = YES_AGGRESSIVE;
				GCC_WARN_UNUSED_FUNCTION = YES;
				GCC_WARN_UNUSED_VARIABLE = YES;
				IPHONEOS_DEPLOYMENT_TARGET = 17.4;
				LOCALIZATION_PREFERS_STRING_CATALOGS = YES;
				MTL_ENABLE_DEBUG_INFO = INCLUDE_SOURCE;
				MTL_FAST_MATH = YES;
				ONLY_ACTIVE_ARCH = YES;
				SDKROOT = iphoneos;
				SWIFT_ACTIVE_COMPILATION_CONDITIONS = "DEBUG $(inherited)";
				SWIFT_OPTIMIZATION_LEVEL = "-Onone";
			};
			name = Debug;
		};
		B45733D02B9DDB9D007A734C /* Release */ = {
			isa = XCBuildConfiguration;
			buildSettings = {
				ALWAYS_SEARCH_USER_PATHS = NO;
				ASSETCATALOG_COMPILER_GENERATE_SWIFT_ASSET_SYMBOL_EXTENSIONS = YES;
				CLANG_ANALYZER_NONNULL = YES;
				CLANG_ANALYZER_NUMBER_OBJECT_CONVERSION = YES_AGGRESSIVE;
				CLANG_CXX_LANGUAGE_STANDARD = "gnu++20";
				CLANG_ENABLE_MODULES = YES;
				CLANG_ENABLE_OBJC_ARC = YES;
				CLANG_ENABLE_OBJC_WEAK = YES;
				CLANG_WARN_BLOCK_CAPTURE_AUTORELEASING = YES;
				CLANG_WARN_BOOL_CONVERSION = YES;
				CLANG_WARN_COMMA = YES;
				CLANG_WARN_CONSTANT_CONVERSION = YES;
				CLANG_WARN_DEPRECATED_OBJC_IMPLEMENTATIONS = YES;
				CLANG_WARN_DIRECT_OBJC_ISA_USAGE = YES_ERROR;
				CLANG_WARN_DOCUMENTATION_COMMENTS = YES;
				CLANG_WARN_EMPTY_BODY = YES;
				CLANG_WARN_ENUM_CONVERSION = YES;
				CLANG_WARN_INFINITE_RECURSION = YES;
				CLANG_WARN_INT_CONVERSION = YES;
				CLANG_WARN_NON_LITERAL_NULL_CONVERSION = YES;
				CLANG_WARN_OBJC_IMPLICIT_RETAIN_SELF = YES;
				CLANG_WARN_OBJC_LITERAL_CONVERSION = YES;
				CLANG_WARN_OBJC_ROOT_CLASS = YES_ERROR;
				CLANG_WARN_QUOTED_INCLUDE_IN_FRAMEWORK_HEADER = YES;
				CLANG_WARN_RANGE_LOOP_ANALYSIS = YES;
				CLANG_WARN_STRICT_PROTOTYPES = YES;
				CLANG_WARN_SUSPICIOUS_MOVE = YES;
				CLANG_WARN_UNGUARDED_AVAILABILITY = YES_AGGRESSIVE;
				CLANG_WARN_UNREACHABLE_CODE = YES;
				CLANG_WARN__DUPLICATE_METHOD_MATCH = YES;
				COPY_PHASE_STRIP = NO;
				DEBUG_INFORMATION_FORMAT = "dwarf-with-dsym";
				ENABLE_NS_ASSERTIONS = NO;
				ENABLE_STRICT_OBJC_MSGSEND = YES;
				ENABLE_USER_SCRIPT_SANDBOXING = YES;
				GCC_C_LANGUAGE_STANDARD = gnu17;
				GCC_NO_COMMON_BLOCKS = YES;
				GCC_WARN_64_TO_32_BIT_CONVERSION = YES;
				GCC_WARN_ABOUT_RETURN_TYPE = YES_ERROR;
				GCC_WARN_UNDECLARED_SELECTOR = YES;
				GCC_WARN_UNINITIALIZED_AUTOS = YES_AGGRESSIVE;
				GCC_WARN_UNUSED_FUNCTION = YES;
				GCC_WARN_UNUSED_VARIABLE = YES;
				IPHONEOS_DEPLOYMENT_TARGET = 17.4;
				LOCALIZATION_PREFERS_STRING_CATALOGS = YES;
				MTL_ENABLE_DEBUG_INFO = NO;
				MTL_FAST_MATH = YES;
				SDKROOT = iphoneos;
				SWIFT_COMPILATION_MODE = wholemodule;
				VALIDATE_PRODUCT = YES;
			};
			name = Release;
		};
		B45733D22B9DDB9D007A734C /* Debug */ = {
			isa = XCBuildConfiguration;
			buildSettings = {
				ASSETCATALOG_COMPILER_APPICON_NAME = AppIcon;
				ASSETCATALOG_COMPILER_GLOBAL_ACCENT_COLOR_NAME = AccentColor;
				CODE_SIGN_STYLE = Automatic;
				CURRENT_PROJECT_VERSION = 1;
				DEVELOPMENT_TEAM = NPF56MPW6G;
				GENERATE_INFOPLIST_FILE = YES;
				INFOPLIST_FILE = UITableView/Info.plist;
				INFOPLIST_KEY_UIApplicationSupportsIndirectInputEvents = YES;
				INFOPLIST_KEY_UILaunchStoryboardName = LaunchScreen;
				INFOPLIST_KEY_UIMainStoryboardFile = Main;
				INFOPLIST_KEY_UISupportedInterfaceOrientations_iPad = "UIInterfaceOrientationPortrait UIInterfaceOrientationPortraitUpsideDown UIInterfaceOrientationLandscapeLeft UIInterfaceOrientationLandscapeRight";
				INFOPLIST_KEY_UISupportedInterfaceOrientations_iPhone = "UIInterfaceOrientationPortrait UIInterfaceOrientationLandscapeLeft UIInterfaceOrientationLandscapeRight";
				LD_RUNPATH_SEARCH_PATHS = (
					"$(inherited)",
					"@executable_path/Frameworks",
				);
				MARKETING_VERSION = 1.0;
				PRODUCT_BUNDLE_IDENTIFIER = Voronik.UITableView;
				PRODUCT_NAME = "$(TARGET_NAME)";
				SWIFT_EMIT_LOC_STRINGS = YES;
				SWIFT_VERSION = 5.0;
				TARGETED_DEVICE_FAMILY = "1,2";
			};
			name = Debug;
		};
		B45733D32B9DDB9D007A734C /* Release */ = {
			isa = XCBuildConfiguration;
			buildSettings = {
				ASSETCATALOG_COMPILER_APPICON_NAME = AppIcon;
				ASSETCATALOG_COMPILER_GLOBAL_ACCENT_COLOR_NAME = AccentColor;
				CODE_SIGN_STYLE = Automatic;
				CURRENT_PROJECT_VERSION = 1;
				DEVELOPMENT_TEAM = NPF56MPW6G;
				GENERATE_INFOPLIST_FILE = YES;
				INFOPLIST_FILE = UITableView/Info.plist;
				INFOPLIST_KEY_UIApplicationSupportsIndirectInputEvents = YES;
				INFOPLIST_KEY_UILaunchStoryboardName = LaunchScreen;
				INFOPLIST_KEY_UIMainStoryboardFile = Main;
				INFOPLIST_KEY_UISupportedInterfaceOrientations_iPad = "UIInterfaceOrientationPortrait UIInterfaceOrientationPortraitUpsideDown UIInterfaceOrientationLandscapeLeft UIInterfaceOrientationLandscapeRight";
				INFOPLIST_KEY_UISupportedInterfaceOrientations_iPhone = "UIInterfaceOrientationPortrait UIInterfaceOrientationLandscapeLeft UIInterfaceOrientationLandscapeRight";
				LD_RUNPATH_SEARCH_PATHS = (
					"$(inherited)",
					"@executable_path/Frameworks",
				);
				MARKETING_VERSION = 1.0;
				PRODUCT_BUNDLE_IDENTIFIER = Voronik.UITableView;
				PRODUCT_NAME = "$(TARGET_NAME)";
				SWIFT_EMIT_LOC_STRINGS = YES;
				SWIFT_VERSION = 5.0;
				TARGETED_DEVICE_FAMILY = "1,2";
			};
			name = Release;
		};
/* End XCBuildConfiguration section */

/* Begin XCConfigurationList section */
		B45733B82B9DDB9A007A734C /* Build configuration list for PBXProject "toDo" */ = {
			isa = XCConfigurationList;
			buildConfigurations = (
				B45733CF2B9DDB9D007A734C /* Debug */,
				B45733D02B9DDB9D007A734C /* Release */,
			);
			defaultConfigurationIsVisible = 0;
			defaultConfigurationName = Release;
		};
		B45733D12B9DDB9D007A734C /* Build configuration list for PBXNativeTarget "toDo" */ = {
			isa = XCConfigurationList;
			buildConfigurations = (
				B45733D22B9DDB9D007A734C /* Debug */,
				B45733D32B9DDB9D007A734C /* Release */,
			);
			defaultConfigurationIsVisible = 0;
			defaultConfigurationName = Release;
		};
/* End XCConfigurationList section */
	};
	rootObject = B45733B52B9DDB9A007A734C /* Project object */;
}
